// !$*UTF8*$!
{
	archiveVersion = 1;
	classes = {
	};
	objectVersion = 46;
	objects = {

/* Begin PBXBuildFile section */
		4C0C43691CA5489600FE083B /* AppDelegate.swift in Sources */ = {isa = PBXBuildFile; fileRef = 4C0C43681CA5489600FE083B /* AppDelegate.swift */; };
		4C0C436B1CA5489600FE083B /* ViewController.swift in Sources */ = {isa = PBXBuildFile; fileRef = 4C0C436A1CA5489600FE083B /* ViewController.swift */; };
		4C0C436E1CA5489600FE083B /* Main.storyboard in Resources */ = {isa = PBXBuildFile; fileRef = 4C0C436C1CA5489600FE083B /* Main.storyboard */; };
		4C0C43701CA5489600FE083B /* Assets.xcassets in Resources */ = {isa = PBXBuildFile; fileRef = 4C0C436F1CA5489600FE083B /* Assets.xcassets */; };
		4C0C43731CA5489600FE083B /* LaunchScreen.storyboard in Resources */ = {isa = PBXBuildFile; fileRef = 4C0C43711CA5489600FE083B /* LaunchScreen.storyboard */; };
		4C0C437E1CA5489600FE083B /* newViedoTests.swift in Sources */ = {isa = PBXBuildFile; fileRef = 4C0C437D1CA5489600FE083B /* newViedoTests.swift */; };
		4C0C43891CA5489600FE083B /* newViedoUITests.swift in Sources */ = {isa = PBXBuildFile; fileRef = 4C0C43881CA5489600FE083B /* newViedoUITests.swift */; };
/* End PBXBuildFile section */

/* Begin PBXContainerItemProxy section */
		4C0C437A1CA5489600FE083B /* PBXContainerItemProxy */ = {
			isa = PBXContainerItemProxy;
			containerPortal = 4C0C435D1CA5489600FE083B /* Project object */;
			proxyType = 1;
			remoteGlobalIDString = 4C0C43641CA5489600FE083B;
			remoteInfo = newViedo;
		};
		4C0C43851CA5489600FE083B /* PBXContainerItemProxy */ = {
			isa = PBXContainerItemProxy;
			containerPortal = 4C0C435D1CA5489600FE083B /* Project object */;
			proxyType = 1;
			remoteGlobalIDString = 4C0C43641CA5489600FE083B;
			remoteInfo = newViedo;
		};
/* End PBXContainerItemProxy section */

/* Begin PBXFileReference section */
		4C0C43651CA5489600FE083B /* newViedo.app */ = {isa = PBXFileReference; explicitFileType = wrapper.application; includeInIndex = 0; path = newViedo.app; sourceTree = BUILT_PRODUCTS_DIR; };
		4C0C43681CA5489600FE083B /* AppDelegate.swift */ = {isa = PBXFileReference; lastKnownFileType = sourcecode.swift; path = AppDelegate.swift; sourceTree = "<group>"; };
		4C0C436A1CA5489600FE083B /* ViewController.swift */ = {isa = PBXFileReference; lastKnownFileType = sourcecode.swift; path = ViewController.swift; sourceTree = "<group>"; };
		4C0C436D1CA5489600FE083B /* Base */ = {isa = PBXFileReference; lastKnownFileType = file.storyboard; name = Base; path = Base.lproj/Main.storyboard; sourceTree = "<group>"; };
		4C0C436F1CA5489600FE083B /* Assets.xcassets */ = {isa = PBXFileReference; lastKnownFileType = folder.assetcatalog; path = Assets.xcassets; sourceTree = "<group>"; };
		4C0C43721CA5489600FE083B /* Base */ = {isa = PBXFileReference; lastKnownFileType = file.storyboard; name = Base; path = Base.lproj/LaunchScreen.storyboard; sourceTree = "<group>"; };
		4C0C43741CA5489600FE083B /* Info.plist */ = {isa = PBXFileReference; lastKnownFileType = text.plist.xml; path = Info.plist; sourceTree = "<group>"; };
		4C0C43791CA5489600FE083B /* newViedoTests.xctest */ = {isa = PBXFileReference; explicitFileType = wrapper.cfbundle; includeInIndex = 0; path = newViedoTests.xctest; sourceTree = BUILT_PRODUCTS_DIR; };
		4C0C437D1CA5489600FE083B /* newViedoTests.swift */ = {isa = PBXFileReference; lastKnownFileType = sourcecode.swift; path = newViedoTests.swift; sourceTree = "<group>"; };
		4C0C437F1CA5489600FE083B /* Info.plist */ = {isa = PBXFileReference; lastKnownFileType = text.plist.xml; path = Info.plist; sourceTree = "<group>"; };
		4C0C43841CA5489600FE083B /* newViedoUITests.xctest */ = {isa = PBXFileReference; explicitFileType = wrapper.cfbundle; includeInIndex = 0; path = newViedoUITests.xctest; sourceTree = BUILT_PRODUCTS_DIR; };
		4C0C43881CA5489600FE083B /* newViedoUITests.swift */ = {isa = PBXFileReference; lastKnownFileType = sourcecode.swift; path = newViedoUITests.swift; sourceTree = "<group>"; };
		4C0C438A1CA5489600FE083B /* Info.plist */ = {isa = PBXFileReference; lastKnownFileType = text.plist.xml; path = Info.plist; sourceTree = "<group>"; };
/* End PBXFileReference section */

/* Begin PBXFrameworksBuildPhase section */
		4C0C43621CA5489600FE083B /* Frameworks */ = {
			isa = PBXFrameworksBuildPhase;
			buildActionMask = 2147483647;
			files = (
			);
			runOnlyForDeploymentPostprocessing = 0;
		};
		4C0C43761CA5489600FE083B /* Frameworks */ = {
			isa = PBXFrameworksBuildPhase;
			buildActionMask = 2147483647;
			files = (
			);
			runOnlyForDeploymentPostprocessing = 0;
		};
		4C0C43811CA5489600FE083B /* Frameworks */ = {
			isa = PBXFrameworksBuildPhase;
			buildActionMask = 2147483647;
			files = (
			);
			runOnlyForDeploymentPostprocessing = 0;
		};
/* End PBXFrameworksBuildPhase section */

/* Begin PBXGroup section */
		4C0C435C1CA5489600FE083B = {
			isa = PBXGroup;
			children = (
				4C0C43671CA5489600FE083B /* newViedo */,
				4C0C437C1CA5489600FE083B /* newViedoTests */,
				4C0C43871CA5489600FE083B /* newViedoUITests */,
				4C0C43661CA5489600FE083B /* Products */,
			);
			sourceTree = "<group>";
		};
		4C0C43661CA5489600FE083B /* Products */ = {
			isa = PBXGroup;
			children = (
				4C0C43651CA5489600FE083B /* newViedo.app */,
				4C0C43791CA5489600FE083B /* newViedoTests.xctest */,
				4C0C43841CA5489600FE083B /* newViedoUITests.xctest */,
			);
			name = Products;
			sourceTree = "<group>";
		};
		4C0C43671CA5489600FE083B /* newViedo */ = {
			isa = PBXGroup;
			children = (
				4C0C43681CA5489600FE083B /* AppDelegate.swift */,
				4C0C436A1CA5489600FE083B /* ViewController.swift */,
				4C0C436C1CA5489600FE083B /* Main.storyboard */,
				4C0C436F1CA5489600FE083B /* Assets.xcassets */,
				4C0C43711CA5489600FE083B /* LaunchScreen.storyboard */,
				4C0C43741CA5489600FE083B /* Info.plist */,
			);
			path = newViedo;
			sourceTree = "<group>";
		};
		4C0C437C1CA5489600FE083B /* newViedoTests */ = {
			isa = PBXGroup;
			children = (
				4C0C437D1CA5489600FE083B /* newViedoTests.swift */,
				4C0C437F1CA5489600FE083B /* Info.plist */,
			);
			path = newViedoTests;
			sourceTree = "<group>";
		};
		4C0C43871CA5489600FE083B /* newViedoUITests */ = {
			isa = PBXGroup;
			children = (
				4C0C43881CA5489600FE083B /* newViedoUITests.swift */,
				4C0C438A1CA5489600FE083B /* Info.plist */,
			);
			path = newViedoUITests;
			sourceTree = "<group>";
		};
/* End PBXGroup section */

/* Begin PBXNativeTarget section */
		4C0C43641CA5489600FE083B /* newViedo */ = {
			isa = PBXNativeTarget;
			buildConfigurationList = 4C0C438D1CA5489600FE083B /* Build configuration list for PBXNativeTarget "newViedo" */;
			buildPhases = (
				4C0C43611CA5489600FE083B /* Sources */,
				4C0C43621CA5489600FE083B /* Frameworks */,
				4C0C43631CA5489600FE083B /* Resources */,
			);
			buildRules = (
			);
			dependencies = (
			);
			name = newViedo;
			productName = newViedo;
			productReference = 4C0C43651CA5489600FE083B /* newViedo.app */;
			productType = "com.apple.product-type.application";
		};
		4C0C43781CA5489600FE083B /* newViedoTests */ = {
			isa = PBXNativeTarget;
			buildConfigurationList = 4C0C43901CA5489600FE083B /* Build configuration list for PBXNativeTarget "newViedoTests" */;
			buildPhases = (
				4C0C43751CA5489600FE083B /* Sources */,
				4C0C43761CA5489600FE083B /* Frameworks */,
				4C0C43771CA5489600FE083B /* Resources */,
			);
			buildRules = (
			);
			dependencies = (
				4C0C437B1CA5489600FE083B /* PBXTargetDependency */,
			);
			name = newViedoTests;
			productName = newViedoTests;
			productReference = 4C0C43791CA5489600FE083B /* newViedoTests.xctest */;
			productType = "com.apple.product-type.bundle.unit-test";
		};
		4C0C43831CA5489600FE083B /* newViedoUITests */ = {
			isa = PBXNativeTarget;
			buildConfigurationList = 4C0C43931CA5489600FE083B /* Build configuration list for PBXNativeTarget "newViedoUITests" */;
			buildPhases = (
				4C0C43801CA5489600FE083B /* Sources */,
				4C0C43811CA5489600FE083B /* Frameworks */,
				4C0C43821CA5489600FE083B /* Resources */,
			);
			buildRules = (
			);
			dependencies = (
				4C0C43861CA5489600FE083B /* PBXTargetDependency */,
			);
			name = newViedoUITests;
			productName = newViedoUITests;
			productReference = 4C0C43841CA5489600FE083B /* newViedoUITests.xctest */;
			productType = "com.apple.product-type.bundle.ui-testing";
		};
/* End PBXNativeTarget section */

/* Begin PBXProject section */
		4C0C435D1CA5489600FE083B /* Project object */ = {
			isa = PBXProject;
			attributes = {
				LastSwiftUpdateCheck = 0730;
				LastUpgradeCheck = 0730;
				ORGANIZATIONNAME = "Ali Hadwan";
				TargetAttributes = {
					4C0C43641CA5489600FE083B = {
						CreatedOnToolsVersion = 7.3;
						DevelopmentTeam = 345BMGXJJQ;
					};
					4C0C43781CA5489600FE083B = {
						CreatedOnToolsVersion = 7.3;
						DevelopmentTeam = 345BMGXJJQ;
						TestTargetID = 4C0C43641CA5489600FE083B;
					};
					4C0C43831CA5489600FE083B = {
						CreatedOnToolsVersion = 7.3;
						DevelopmentTeam = 345BMGXJJQ;
						TestTargetID = 4C0C43641CA5489600FE083B;
					};
				};
			};
			buildConfigurationList = 4C0C43601CA5489600FE083B /* Build configuration list for PBXProject "newViedo" */;
			compatibilityVersion = "Xcode 3.2";
			developmentRegion = English;
			hasScannedForEncodings = 0;
			knownRegions = (
				en,
				Base,
			);
			mainGroup = 4C0C435C1CA5489600FE083B;
			productRefGroup = 4C0C43661CA5489600FE083B /* Products */;
			projectDirPath = "";
			projectRoot = "";
			targets = (
				4C0C43641CA5489600FE083B /* newViedo */,
				4C0C43781CA5489600FE083B /* newViedoTests */,
				4C0C43831CA5489600FE083B /* newViedoUITests */,
			);
		};
/* End PBXProject section */

/* Begin PBXResourcesBuildPhase section */
		4C0C43631CA5489600FE083B /* Resources */ = {
			isa = PBXResourcesBuildPhase;
			buildActionMask = 2147483647;
			files = (
				4C0C43731CA5489600FE083B /* LaunchScreen.storyboard in Resources */,
				4C0C43701CA5489600FE083B /* Assets.xcassets in Resources */,
				4C0C436E1CA5489600FE083B /* Main.storyboard in Resources */,
			);
			runOnlyForDeploymentPostprocessing = 0;
		};
		4C0C43771CA5489600FE083B /* Resources */ = {
			isa = PBXResourcesBuildPhase;
			buildActionMask = 2147483647;
			files = (
			);
			runOnlyForDeploymentPostprocessing = 0;
		};
		4C0C43821CA5489600FE083B /* Resources */ = {
			isa = PBXResourcesBuildPhase;
			buildActionMask = 2147483647;
			files = (
			);
			runOnlyForDeploymentPostprocessing = 0;
		};
/* End PBXResourcesBuildPhase section */

/* Begin PBXSourcesBuildPhase section */
		4C0C43611CA5489600FE083B /* Sources */ = {
			isa = PBXSourcesBuildPhase;
			buildActionMask = 2147483647;
			files = (
				4C0C436B1CA5489600FE083B /* ViewController.swift in Sources */,
				4C0C43691CA5489600FE083B /* AppDelegate.swift in Sources */,
			);
			runOnlyForDeploymentPostprocessing = 0;
		};
		4C0C43751CA5489600FE083B /* Sources */ = {
			isa = PBXSourcesBuildPhase;
			buildActionMask = 2147483647;
			files = (
				4C0C437E1CA5489600FE083B /* newViedoTests.swift in Sources */,
			);
			runOnlyForDeploymentPostprocessing = 0;
		};
		4C0C43801CA5489600FE083B /* Sources */ = {
			isa = PBXSourcesBuildPhase;
			buildActionMask = 2147483647;
			files = (
				4C0C43891CA5489600FE083B /* newViedoUITests.swift in Sources */,
			);
			runOnlyForDeploymentPostprocessing = 0;
		};
/* End PBXSourcesBuildPhase section */

/* Begin PBXTargetDependency section */
		4C0C437B1CA5489600FE083B /* PBXTargetDependency */ = {
			isa = PBXTargetDependency;
			target = 4C0C43641CA5489600FE083B /* newViedo */;
			targetProxy = 4C0C437A1CA5489600FE083B /* PBXContainerItemProxy */;
		};
		4C0C43861CA5489600FE083B /* PBXTargetDependency */ = {
			isa = PBXTargetDependency;
			target = 4C0C43641CA5489600FE083B /* newViedo */;
			targetProxy = 4C0C43851CA5489600FE083B /* PBXContainerItemProxy */;
		};
/* End PBXTargetDependency section */

/* Begin PBXVariantGroup section */
		4C0C436C1CA5489600FE083B /* Main.storyboard */ = {
			isa = PBXVariantGroup;
			children = (
				4C0C436D1CA5489600FE083B /* Base */,
			);
			name = Main.storyboard;
			sourceTree = "<group>";
		};
		4C0C43711CA5489600FE083B /* LaunchScreen.storyboard */ = {
			isa = PBXVariantGroup;
			children = (
				4C0C43721CA5489600FE083B /* Base */,
			);
			name = LaunchScreen.storyboard;
			sourceTree = "<group>";
		};
/* End PBXVariantGroup section */

/* Begin XCBuildConfiguration section */
		4C0C438B1CA5489600FE083B /* Debug */ = {
			isa = XCBuildConfiguration;
			buildSettings = {
				ALWAYS_SEARCH_USER_PATHS = NO;
				CLANG_ANALYZER_NONNULL = YES;
				CLANG_CXX_LANGUAGE_STANDARD = "gnu++0x";
				CLANG_CXX_LIBRARY = "libc++";
				CLANG_ENABLE_MODULES = YES;
				CLANG_ENABLE_OBJC_ARC = YES;
				CLANG_WARN_BOOL_CONVERSION = YES;
				CLANG_WARN_CONSTANT_CONVERSION = YES;
				CLANG_WARN_DIRECT_OBJC_ISA_USAGE = YES_ERROR;
				CLANG_WARN_EMPTY_BODY = YES;
				CLANG_WARN_ENUM_CONVERSION = YES;
				CLANG_WARN_INT_CONVERSION = YES;
				CLANG_WARN_OBJC_ROOT_CLASS = YES_ERROR;
				CLANG_WARN_UNREACHABLE_CODE = YES;
				CLANG_WARN__DUPLICATE_METHOD_MATCH = YES;
				"CODE_SIGN_IDENTITY[sdk=iphoneos*]" = "iPhone Developer";
				COPY_PHASE_STRIP = NO;
				DEBUG_INFORMATION_FORMAT = dwarf;
				ENABLE_STRICT_OBJC_MSGSEND = YES;
				ENABLE_TESTABILITY = YES;
				GCC_C_LANGUAGE_STANDARD = gnu99;
				GCC_DYNAMIC_NO_PIC = NO;
				GCC_NO_COMMON_BLOCKS = YES;
				GCC_OPTIMIZATION_LEVEL = 0;
				GCC_PREPROCESSOR_DEFINITIONS = (
					"DEBUG=1",
					"$(inherited)",
				);
				GCC_WARN_64_TO_32_BIT_CONVERSION = YES;
				GCC_WARN_ABOUT_RETURN_TYPE = YES_ERROR;
				GCC_WARN_UNDECLARED_SELECTOR = YES;
				GCC_WARN_UNINITIALIZED_AUTOS = YES_AGGRESSIVE;
				GCC_WARN_UNUSED_FUNCTION = YES;
				GCC_WARN_UNUSED_VARIABLE = YES;
				IPHONEOS_DEPLOYMENT_TARGET = 9.3;
				MTL_ENABLE_DEBUG_INFO = YES;
				ONLY_ACTIVE_ARCH = YES;
				SDKROOT = iphoneos;
				SWIFT_OPTIMIZATION_LEVEL = "-Onone";
			};
			name = Debug;
		};
		4C0C438C1CA5489600FE083B /* Release */ = {
			isa = XCBuildConfiguration;
			buildSettings = {
				ALWAYS_SEARCH_USER_PATHS = NO;
				CLANG_ANALYZER_NONNULL = YES;
				CLANG_CXX_LANGUAGE_STANDARD = "gnu++0x";
				CLANG_CXX_LIBRARY = "libc++";
				CLANG_ENABLE_MODULES = YES;
				CLANG_ENABLE_OBJC_ARC = YES;
				CLANG_WARN_BOOL_CONVERSION = YES;
				CLANG_WARN_CONSTANT_CONVERSION = YES;
				CLANG_WARN_DIRECT_OBJC_ISA_USAGE = YES_ERROR;
				CLANG_WARN_EMPTY_BODY = YES;
				CLANG_WARN_ENUM_CONVERSION = YES;
				CLANG_WARN_INT_CONVERSION = YES;
				CLANG_WARN_OBJC_ROOT_CLASS = YES_ERROR;
				CLANG_WARN_UNREACHABLE_CODE = YES;
				CLANG_WARN__DUPLICATE_METHOD_MATCH = YES;
				"CODE_SIGN_IDENTITY[sdk=iphoneos*]" = "iPhone Developer";
				COPY_PHASE_STRIP = NO;
				DEBUG_INFORMATION_FORMAT = "dwarf-with-dsym";
				ENABLE_NS_ASSERTIONS = NO;
				ENABLE_STRICT_OBJC_MSGSEND = YES;
				GCC_C_LANGUAGE_STANDARD = gnu99;
				GCC_NO_COMMON_BLOCKS = YES;
				GCC_WARN_64_TO_32_BIT_CONVERSION = YES;
				GCC_WARN_ABOUT_RETURN_TYPE = YES_ERROR;
				GCC_WARN_UNDECLARED_SELECTOR = YES;
				GCC_WARN_UNINITIALIZED_AUTOS = YES_AGGRESSIVE;
				GCC_WARN_UNUSED_FUNCTION = YES;
				GCC_WARN_UNUSED_VARIABLE = YES;
				IPHONEOS_DEPLOYMENT_TARGET = 9.3;
				MTL_ENABLE_DEBUG_INFO = NO;
				SDKROOT = iphoneos;
				VALIDATE_PRODUCT = YES;
			};
			name = Release;
		};
		4C0C438E1CA5489600FE083B /* Debug */ = {
			isa = XCBuildConfiguration;
			buildSettings = {
				ASSETCATALOG_COMPILER_APPICON_NAME = AppIcon;
				INFOPLIST_FILE = newViedo/Info.plist;
				LD_RUNPATH_SEARCH_PATHS = "$(inherited) @executable_path/Frameworks";
				PRODUCT_BUNDLE_IDENTIFIER = com.codpath.newViedo;
				PRODUCT_NAME = "$(TARGET_NAME)";
			};
			name = Debug;
		};
		4C0C438F1CA5489600FE083B /* Release */ = {
			isa = XCBuildConfiguration;
			buildSettings = {
				ASSETCATALOG_COMPILER_APPICON_NAME = AppIcon;
				INFOPLIST_FILE = newViedo/Info.plist;
				LD_RUNPATH_SEARCH_PATHS = "$(inherited) @executable_path/Frameworks";
				PRODUCT_BUNDLE_IDENTIFIER = com.codpath.newViedo;
				PRODUCT_NAME = "$(TARGET_NAME)";
			};
			name = Release;
		};
		4C0C43911CA5489600FE083B /* Debug */ = {
			isa = XCBuildConfiguration;
			buildSettings = {
				BUNDLE_LOADER = "$(TEST_HOST)";
				INFOPLIST_FILE = newViedoTests/Info.plist;
				LD_RUNPATH_SEARCH_PATHS = "$(inherited) @executable_path/Frameworks @loader_path/Frameworks";
				PRODUCT_BUNDLE_IDENTIFIER = com.codpath.newViedoTests;
				PRODUCT_NAME = "$(TARGET_NAME)";
				TEST_HOST = "$(BUILT_PRODUCTS_DIR)/newViedo.app/newViedo";
			};
			name = Debug;
		};
		4C0C43921CA5489600FE083B /* Release */ = {
			isa = XCBuildConfiguration;
			buildSettings = {
				BUNDLE_LOADER = "$(TEST_HOST)";
				INFOPLIST_FILE = newViedoTests/Info.plist;
				LD_RUNPATH_SEARCH_PATHS = "$(inherited) @executable_path/Frameworks @loader_path/Frameworks";
				PRODUCT_BUNDLE_IDENTIFIER = com.codpath.newViedoTests;
				PRODUCT_NAME = "$(TARGET_NAME)";
				TEST_HOST = "$(BUILT_PRODUCTS_DIR)/newViedo.app/newViedo";
			};
			name = Release;
		};
		4C0C43941CA5489600FE083B /* Debug */ = {
			isa = XCBuildConfiguration;
			buildSettings = {
				INFOPLIST_FILE = newViedoUITests/Info.plist;
				LD_RUNPATH_SEARCH_PATHS = "$(inherited) @executable_path/Frameworks @loader_path/Frameworks";
				PRODUCT_BUNDLE_IDENTIFIER = com.codpath.newViedoUITests;
				PRODUCT_NAME = "$(TARGET_NAME)";
				TEST_TARGET_NAME = newViedo;
			};
			name = Debug;
		};
		4C0C43951CA5489600FE083B /* Release */ = {
			isa = XCBuildConfiguration;
			buildSettings = {
				INFOPLIST_FILE = newViedoUITests/Info.plist;
				LD_RUNPATH_SEARCH_PATHS = "$(inherited) @executable_path/Frameworks @loader_path/Frameworks";
				PRODUCT_BUNDLE_IDENTIFIER = com.codpath.newViedoUITests;
				PRODUCT_NAME = "$(TARGET_NAME)";
				TEST_TARGET_NAME = newViedo;
			};
			name = Release;
		};
/* End XCBuildConfiguration section */

/* Begin XCConfigurationList section */
		4C0C43601CA5489600FE083B /* Build configuration list for PBXProject "newViedo" */ = {
			isa = XCConfigurationList;
			buildConfigurations = (
				4C0C438B1CA5489600FE083B /* Debug */,
				4C0C438C1CA5489600FE083B /* Release */,
			);
			defaultConfigurationIsVisible = 0;
			defaultConfigurationName = Release;
		};
		4C0C438D1CA5489600FE083B /* Build configuration list for PBXNativeTarget "newViedo" */ = {
			isa = XCConfigurationList;
			buildConfigurations = (
				4C0C438E1CA5489600FE083B /* Debug */,
				4C0C438F1CA5489600FE083B /* Release */,
			);
			defaultConfigurationIsVisible = 0;
		};
		4C0C43901CA5489600FE083B /* Build configuration list for PBXNativeTarget "newViedoTests" */ = {
			isa = XCConfigurationList;
			buildConfigurations = (
				4C0C43911CA5489600FE083B /* Debug */,
				4C0C43921CA5489600FE083B /* Release */,
			);
			defaultConfigurationIsVisible = 0;
		};
		4C0C43931CA5489600FE083B /* Build configuration list for PBXNativeTarget "newViedoUITests" */ = {
			isa = XCConfigurationList;
			buildConfigurations = (
				4C0C43941CA5489600FE083B /* Debug */,
				4C0C43951CA5489600FE083B /* Release */,
			);
			defaultConfigurationIsVisible = 0;
		};
/* End XCConfigurationList section */
	};
	rootObject = 4C0C435D1CA5489600FE083B /* Project object */;
}
